
Microsoft Visual Studio Solution File, Format Version 12.00
# Visual Studio Version 17
VisualStudioVersion = 17.5.33424.131
MinimumVisualStudioVersion = 10.0.40219.1
Project("{FAE04EC0-301F-11D3-BF4B-00C04F79EFBC}") = "calculator", "calculator.csproj", "{BF913601-CADB-48D5-A95D-68F56D0F2917}"
EndProject
Global
	GlobalSection(SolutionConfigurationPlatforms) = preSolution
		Debug|Any CPU = Debug|Any CPU
		Release|Any CPU = Release|Any CPU
	EndGlobalSection
	GlobalSection(ProjectConfigurationPlatforms) = postSolution
		{BF913601-CADB-48D5-A95D-68F56D0F2917}.Debug|Any CPU.ActiveCfg = Debug|Any CPU
		{BF913601-CADB-48D5-A95D-68F56D0F2917}.Debug|Any CPU.Build.0 = Debug|Any CPU
		{BF913601-CADB-48D5-A95D-68F56D0F2917}.Release|Any CPU.ActiveCfg = Release|Any CPU
		{BF913601-CADB-48D5-A95D-68F56D0F2917}.Release|Any CPU.Build.0 = Release|Any CPU
	EndGlobalSection
	GlobalSection(SolutionProperties) = preSolution
		HideSolutionNode = FALSE
	EndGlobalSection
	GlobalSection(ExtensibilityGlobals) = postSolution
		SolutionGuid = {066FB16D-039A-4155-A9C3-984C03EAE312}
	EndGlobalSection
EndGlobal
